
Microsoft Visual Studio Solution File, Format Version 12.00
# Visual Studio 2012
Project("{FAE04EC0-301F-11D3-BF4B-00C04F79EFBC}") = "WearableSmarthomeRemote.core", "WearableSmarthomeRemote\WearableSmarthomeRemote.core.csproj", "{3D005060-B116-4F81-91D6-44D64F9B91AC}"
EndProject
Project("{FAE04EC0-301F-11D3-BF4B-00C04F79EFBC}") = "WearableSmarthomeRemote.UI.iOS", "WearableSmarthomeRemote.UI.iOS\WearableSmarthomeRemote.UI.iOS.csproj", "{98105484-B485-431D-A7F7-4CBF5836D51C}"
EndProject
Project("{FAE04EC0-301F-11D3-BF4B-00C04F79EFBC}") = "WearableSmarthomeRemote.UI.Droid", "WearableSmarthomeRemote.UI.Droid\WearableSmarthomeRemote.UI.Droid.csproj", "{0D65E475-FAB5-4BF1-9E01-C5AE80BF4DD6}"
EndProject
Project("{FAE04EC0-301F-11D3-BF4B-00C04F79EFBC}") = "WearableSmarthomeRemote.WatchCore", "WearableSmarthomeRemote.WatchCore\WearableSmarthomeRemote.WatchCore.csproj", "{7D6A36D2-9BF1-4855-BF03-038F4880759F}"
EndProject
Project("{FAE04EC0-301F-11D3-BF4B-00C04F79EFBC}") = "WearableSmarthomeRemote.UI.WearDroid", "WearableSmarthomeRemote.UI.WearDroid\WearableSmarthomeRemote.UI.WearDroid.csproj", "{F51B2906-E5C7-457D-BFD9-D451A2C0CCB3}"
EndProject
Global
	GlobalSection(SolutionConfigurationPlatforms) = preSolution
		Debug|Any CPU = Debug|Any CPU
		Release|Any CPU = Release|Any CPU
		Debug|iPhoneSimulator = Debug|iPhoneSimulator
		Release|iPhone = Release|iPhone
		Release|iPhoneSimulator = Release|iPhoneSimulator
		Debug|iPhone = Debug|iPhone
	EndGlobalSection
	GlobalSection(ProjectConfigurationPlatforms) = postSolution
		{3D005060-B116-4F81-91D6-44D64F9B91AC}.Debug|Any CPU.ActiveCfg = Debug|Any CPU
		{3D005060-B116-4F81-91D6-44D64F9B91AC}.Debug|Any CPU.Build.0 = Debug|Any CPU
		{3D005060-B116-4F81-91D6-44D64F9B91AC}.Release|Any CPU.ActiveCfg = Release|Any CPU
		{3D005060-B116-4F81-91D6-44D64F9B91AC}.Release|Any CPU.Build.0 = Release|Any CPU
		{3D005060-B116-4F81-91D6-44D64F9B91AC}.Debug|iPhoneSimulator.ActiveCfg = Debug|Any CPU
		{3D005060-B116-4F81-91D6-44D64F9B91AC}.Debug|iPhoneSimulator.Build.0 = Debug|Any CPU
		{3D005060-B116-4F81-91D6-44D64F9B91AC}.Release|iPhone.ActiveCfg = Release|Any CPU
		{3D005060-B116-4F81-91D6-44D64F9B91AC}.Release|iPhone.Build.0 = Release|Any CPU
		{3D005060-B116-4F81-91D6-44D64F9B91AC}.Release|iPhoneSimulator.ActiveCfg = Release|Any CPU
		{3D005060-B116-4F81-91D6-44D64F9B91AC}.Release|iPhoneSimulator.Build.0 = Release|Any CPU
		{3D005060-B116-4F81-91D6-44D64F9B91AC}.Debug|iPhone.ActiveCfg = Debug|Any CPU
		{3D005060-B116-4F81-91D6-44D64F9B91AC}.Debug|iPhone.Build.0 = Debug|Any CPU
		{98105484-B485-431D-A7F7-4CBF5836D51C}.Debug|Any CPU.ActiveCfg = Debug|iPhoneSimulator
		{98105484-B485-431D-A7F7-4CBF5836D51C}.Debug|Any CPU.Build.0 = Debug|iPhoneSimulator
		{98105484-B485-431D-A7F7-4CBF5836D51C}.Release|Any CPU.ActiveCfg = Debug|iPhoneSimulator
		{98105484-B485-431D-A7F7-4CBF5836D51C}.Release|Any CPU.Build.0 = Debug|iPhoneSimulator
		{98105484-B485-431D-A7F7-4CBF5836D51C}.Debug|iPhoneSimulator.ActiveCfg = Debug|iPhoneSimulator
		{98105484-B485-431D-A7F7-4CBF5836D51C}.Debug|iPhoneSimulator.Build.0 = Debug|iPhoneSimulator
		{98105484-B485-431D-A7F7-4CBF5836D51C}.Release|iPhone.ActiveCfg = Release|iPhone
		{98105484-B485-431D-A7F7-4CBF5836D51C}.Release|iPhone.Build.0 = Release|iPhone
		{98105484-B485-431D-A7F7-4CBF5836D51C}.Release|iPhoneSimulator.ActiveCfg = Release|iPhoneSimulator
		{98105484-B485-431D-A7F7-4CBF5836D51C}.Release|iPhoneSimulator.Build.0 = Release|iPhoneSimulator
		{98105484-B485-431D-A7F7-4CBF5836D51C}.Debug|iPhone.ActiveCfg = Debug|iPhone
		{98105484-B485-431D-A7F7-4CBF5836D51C}.Debug|iPhone.Build.0 = Debug|iPhone
		{0D65E475-FAB5-4BF1-9E01-C5AE80BF4DD6}.Debug|Any CPU.ActiveCfg = Debug|Any CPU
		{0D65E475-FAB5-4BF1-9E01-C5AE80BF4DD6}.Debug|Any CPU.Build.0 = Debug|Any CPU
		{0D65E475-FAB5-4BF1-9E01-C5AE80BF4DD6}.Release|Any CPU.ActiveCfg = Release|Any CPU
		{0D65E475-FAB5-4BF1-9E01-C5AE80BF4DD6}.Release|Any CPU.Build.0 = Release|Any CPU
		{0D65E475-FAB5-4BF1-9E01-C5AE80BF4DD6}.Debug|iPhoneSimulator.ActiveCfg = Debug|Any CPU
		{0D65E475-FAB5-4BF1-9E01-C5AE80BF4DD6}.Debug|iPhoneSimulator.Build.0 = Debug|Any CPU
		{0D65E475-FAB5-4BF1-9E01-C5AE80BF4DD6}.Release|iPhone.ActiveCfg = Release|Any CPU
		{0D65E475-FAB5-4BF1-9E01-C5AE80BF4DD6}.Release|iPhone.Build.0 = Release|Any CPU
		{0D65E475-FAB5-4BF1-9E01-C5AE80BF4DD6}.Release|iPhoneSimulator.ActiveCfg = Release|Any CPU
		{0D65E475-FAB5-4BF1-9E01-C5AE80BF4DD6}.Release|iPhoneSimulator.Build.0 = Release|Any CPU
		{0D65E475-FAB5-4BF1-9E01-C5AE80BF4DD6}.Debug|iPhone.ActiveCfg = Debug|Any CPU
		{0D65E475-FAB5-4BF1-9E01-C5AE80BF4DD6}.Debug|iPhone.Build.0 = Debug|Any CPU
		{7D6A36D2-9BF1-4855-BF03-038F4880759F}.Debug|Any CPU.ActiveCfg = Debug|Any CPU
		{7D6A36D2-9BF1-4855-BF03-038F4880759F}.Debug|Any CPU.Build.0 = Debug|Any CPU
		{7D6A36D2-9BF1-4855-BF03-038F4880759F}.Release|Any CPU.ActiveCfg = Release|Any CPU
		{7D6A36D2-9BF1-4855-BF03-038F4880759F}.Release|Any CPU.Build.0 = Release|Any CPU
		{7D6A36D2-9BF1-4855-BF03-038F4880759F}.Debug|iPhoneSimulator.ActiveCfg = Debug|Any CPU
		{7D6A36D2-9BF1-4855-BF03-038F4880759F}.Debug|iPhoneSimulator.Build.0 = Debug|Any CPU
		{7D6A36D2-9BF1-4855-BF03-038F4880759F}.Release|iPhone.ActiveCfg = Release|Any CPU
		{7D6A36D2-9BF1-4855-BF03-038F4880759F}.Release|iPhone.Build.0 = Release|Any CPU
		{7D6A36D2-9BF1-4855-BF03-038F4880759F}.Release|iPhoneSimulator.ActiveCfg = Release|Any CPU
		{7D6A36D2-9BF1-4855-BF03-038F4880759F}.Release|iPhoneSimulator.Build.0 = Release|Any CPU
		{7D6A36D2-9BF1-4855-BF03-038F4880759F}.Debug|iPhone.ActiveCfg = Debug|Any CPU
		{7D6A36D2-9BF1-4855-BF03-038F4880759F}.Debug|iPhone.Build.0 = Debug|Any CPU
		{F51B2906-E5C7-457D-BFD9-D451A2C0CCB3}.Debug|Any CPU.ActiveCfg = Debug|Any CPU
		{F51B2906-E5C7-457D-BFD9-D451A2C0CCB3}.Debug|Any CPU.Build.0 = Debug|Any CPU
		{F51B2906-E5C7-457D-BFD9-D451A2C0CCB3}.Release|Any CPU.ActiveCfg = Release|Any CPU
		{F51B2906-E5C7-457D-BFD9-D451A2C0CCB3}.Release|Any CPU.Build.0 = Release|Any CPU
		{F51B2906-E5C7-457D-BFD9-D451A2C0CCB3}.Debug|iPhoneSimulator.ActiveCfg = Debug|Any CPU
		{F51B2906-E5C7-457D-BFD9-D451A2C0CCB3}.Debug|iPhoneSimulator.Build.0 = Debug|Any CPU
		{F51B2906-E5C7-457D-BFD9-D451A2C0CCB3}.Release|iPhone.ActiveCfg = Release|Any CPU
		{F51B2906-E5C7-457D-BFD9-D451A2C0CCB3}.Release|iPhone.Build.0 = Release|Any CPU
		{F51B2906-E5C7-457D-BFD9-D451A2C0CCB3}.Release|iPhoneSimulator.ActiveCfg = Release|Any CPU
		{F51B2906-E5C7-457D-BFD9-D451A2C0CCB3}.Release|iPhoneSimulator.Build.0 = Release|Any CPU
		{F51B2906-E5C7-457D-BFD9-D451A2C0CCB3}.Debug|iPhone.ActiveCfg = Debug|Any CPU
		{F51B2906-E5C7-457D-BFD9-D451A2C0CCB3}.Debug|iPhone.Build.0 = Debug|Any CPU
	EndGlobalSection
EndGlobal
